schema: '2.0'
stages:
  load_data:
    cmd: python src/load_data.py --config=params.yaml
    deps:
    - path: data_given/data.pkl
      md5: 31f792db3e633bfc4f82ece83f18f681
      size: 12607891
    - path: src/get_data.py
      md5: a668f1ae78ed71addf74af405169e69c
      size: 628
    - path: src/load_data.py
      md5: 3a4dbc1018d7af7f456e140795124d52
      size: 543
    outs:
    - path: data/raw/data.pkl
      md5: ed415e8c40324ad77735f2976ea8720c
      size: 12607890
  split_data:
    cmd: python src/split_data.py --config=params.yaml
    deps:
    - path: data/raw/data.pkl
      md5: ed415e8c40324ad77735f2976ea8720c
      size: 12607890
    - path: src/split_data.py
      md5: fbc4948700b8fff6ca02e03d76612b32
      size: 1675
    outs:
    - path: data/processed/test_data.pkl
      md5: 07707304b57e36c7f2c575504eb589df
      size: 2212054
    - path: data/processed/train_data.pkl
      md5: cd993976e3d25c7990f11ea77c98aeae
      size: 8847694
  train_and_evaluate:
    cmd: python src/train_and_evaluate.py --config=params.yaml
    deps:
    - path: data/processed/test_data.pkl
      md5: 07707304b57e36c7f2c575504eb589df
      size: 2212054
    - path: data/processed/train_data.pkl
      md5: cd993976e3d25c7990f11ea77c98aeae
      size: 8847694
    - path: src/train_and_evaluate.py
      md5: 9b39056fa7be03165a9cdee3f08c32a7
      size: 5274
    params:
      params.yaml:
        estimators.cnn.params.batch_size: 10
        estimators.cnn.params.epochs: 2
  log_production_model:
    cmd: python src/log_production_model.py --config=params.yaml
    deps:
    - path: src/log_production_model.py
      md5: 2ed4f44132ec444023c3ede245c07a04
      size: 2017
