schema: '2.0'
stages:
  load_data:
    cmd: python src/load_data.py --config=params.yaml
    deps:
    - path: data_given/data.pkl
      md5: 31f792db3e633bfc4f82ece83f18f681
      size: 12607891
    - path: src/get_data.py
      md5: a668f1ae78ed71addf74af405169e69c
      size: 628
    - path: src/load_data.py
      md5: 13b5d8cbd364716e4dd2f3683f580388
      size: 506
    outs:
    - path: data/raw/data.pkl
      md5: db0ce1f99a19c844e10a522c1dc35664
      size: 12607892
  split_data:
    cmd: python src/split_data.py --config=params.yaml
    deps:
    - path: data/raw/data.pkl
      md5: db0ce1f99a19c844e10a522c1dc35664
      size: 12607892
    - path: src/split_data.py
      md5: 59c96d6233cab5035f54587086d09a7b
      size: 1108
    outs:
    - path: data/processed/test_data.pkl
      md5: 0b26ead5915217d997f1df60effcb20b
      size: 2543838
    - path: data/processed/train_data.pkl
      md5: ce13256cfdfc7620c080f551a0f533df
      size: 10064230
  train_and_evaluate:
    cmd: python src/train_and_evaluate.py --config=params.yaml
    deps:
    - path: data/processed/test_data.pkl
      md5: 0b26ead5915217d997f1df60effcb20b
      size: 2543838
    - path: data/processed/train_data.pkl
      md5: ce13256cfdfc7620c080f551a0f533df
      size: 10064230
    - path: src/train_and_evaluate.py
      md5: 92489623adadbf3b8ea859e10b149469
      size: 2593
    params:
      params.yaml:
        estimators.cnn.params.batch_size: 10
        estimators.cnn.params.epochs: 1
    outs:
    - path: report/params.json
      md5: 79956909e11cf8ee6aae6d7e9d2087e5
      size: 41
    - path: report/scores.json
      md5: 46faad8fabc8998e086af0810958e2aa
      size: 37
